
Microsoft Visual Studio Solution File, Format Version 12.00
# Visual Studio Version 17
VisualStudioVersion = 17.5.002.0
MinimumVisualStudioVersion = 10.0.40219.1
Project("{9A19103F-16F7-4668-BE54-9A1E7A4F7556}") = "ApiElias", "ApiElias.csproj", "{FB665385-8E6C-455D-815F-1B53A9774687}"
EndProject
Global
	GlobalSection(SolutionConfigurationPlatforms) = preSolution
		Debug|Any CPU = Debug|Any CPU
		Release|Any CPU = Release|Any CPU
	EndGlobalSection
	GlobalSection(ProjectConfigurationPlatforms) = postSolution
		{FB665385-8E6C-455D-815F-1B53A9774687}.Debug|Any CPU.ActiveCfg = Debug|Any CPU
		{FB665385-8E6C-455D-815F-1B53A9774687}.Debug|Any CPU.Build.0 = Debug|Any CPU
		{FB665385-8E6C-455D-815F-1B53A9774687}.Release|Any CPU.ActiveCfg = Release|Any CPU
		{FB665385-8E6C-455D-815F-1B53A9774687}.Release|Any CPU.Build.0 = Release|Any CPU
	EndGlobalSection
	GlobalSection(SolutionProperties) = preSolution
		HideSolutionNode = FALSE
	EndGlobalSection
	GlobalSection(ExtensibilityGlobals) = postSolution
		SolutionGuid = {4C47A5E5-BB35-4A3A-B9FF-53C2BB618CD4}
	EndGlobalSection
EndGlobal
